// !$*UTF8*$!
{
	archiveVersion = 1;
	classes = {
	};
	objectVersion = 55;
	objects = {

/* Begin PBXBuildFile section */
		5D0C3B132A14034300A586B8 /* StudentList.cpp in Sources */ = {isa = PBXBuildFile; fileRef = 5D0C3B102A14034300A586B8 /* StudentList.cpp */; };
		5D0C3B142A14034300A586B8 /* main.cpp in Sources */ = {isa = PBXBuildFile; fileRef = 5D0C3B122A14034300A586B8 /* main.cpp */; };
		5D0C3B192A14037F00A586B8 /* StudentList.cpp in Sources */ = {isa = PBXBuildFile; fileRef = 5D0C3B172A14037F00A586B8 /* StudentList.cpp */; };
		5D0C3B1A2A14037F00A586B8 /* main.cpp in Sources */ = {isa = PBXBuildFile; fileRef = 5D0C3B182A14037F00A586B8 /* main.cpp */; };
		5D0C3B1F2A1403B100A586B8 /* main.cpp in Sources */ = {isa = PBXBuildFile; fileRef = 5D0C3B1C2A1403B100A586B8 /* main.cpp */; };
		5D0C3B202A1403B100A586B8 /* StudentList.cpp in Sources */ = {isa = PBXBuildFile; fileRef = 5D0C3B1D2A1403B100A586B8 /* StudentList.cpp */; };
		5D0C3B292A1403ED00A586B8 /* main.cpp in Sources */ = {isa = PBXBuildFile; fileRef = 5D0C3B222A1403EC00A586B8 /* main.cpp */; };
		5D0C3B2A2A1403ED00A586B8 /* LinkedList.cpp in Sources */ = {isa = PBXBuildFile; fileRef = 5D0C3B252A1403EC00A586B8 /* LinkedList.cpp */; };
		5D0C3B2B2A1403ED00A586B8 /* Park.cpp in Sources */ = {isa = PBXBuildFile; fileRef = 5D0C3B272A1403EC00A586B8 /* Park.cpp */; };
		5D0C3B322A14042000A586B8 /* main.cpp in Sources */ = {isa = PBXBuildFile; fileRef = 5D0C3B2F2A14042000A586B8 /* main.cpp */; };
		5D0C3B332A14042000A586B8 /* Park.cpp in Sources */ = {isa = PBXBuildFile; fileRef = 5D0C3B312A14042000A586B8 /* Park.cpp */; };
/* End PBXBuildFile section */

/* Begin PBXCopyFilesBuildPhase section */
		5D0C3B032A14026A00A586B8 /* CopyFiles */ = {
			isa = PBXCopyFilesBuildPhase;
			buildActionMask = 2147483647;
			dstPath = /usr/share/man/man1/;
			dstSubfolderSpec = 0;
			files = (
			);
			runOnlyForDeploymentPostprocessing = 1;
		};
/* End PBXCopyFilesBuildPhase section */

/* Begin PBXFileReference section */
		5D0C3B052A14026A00A586B8 /* Wk4_DoublyLink */ = {isa = PBXFileReference; explicitFileType = "compiled.mach-o.executable"; includeInIndex = 0; path = Wk4_DoublyLink; sourceTree = BUILT_PRODUCTS_DIR; };
		5D0C3B102A14034300A586B8 /* StudentList.cpp */ = {isa = PBXFileReference; fileEncoding = 4; lastKnownFileType = sourcecode.cpp.cpp; path = StudentList.cpp; sourceTree = "<group>"; };
		5D0C3B112A14034300A586B8 /* StudentList.h */ = {isa = PBXFileReference; fileEncoding = 4; lastKnownFileType = sourcecode.c.h; path = StudentList.h; sourceTree = "<group>"; };
		5D0C3B122A14034300A586B8 /* main.cpp */ = {isa = PBXFileReference; fileEncoding = 4; lastKnownFileType = sourcecode.cpp.cpp; path = main.cpp; sourceTree = "<group>"; };
		5D0C3B162A14037F00A586B8 /* StudentList.h */ = {isa = PBXFileReference; fileEncoding = 4; lastKnownFileType = sourcecode.c.h; path = StudentList.h; sourceTree = "<group>"; };
		5D0C3B172A14037F00A586B8 /* StudentList.cpp */ = {isa = PBXFileReference; fileEncoding = 4; lastKnownFileType = sourcecode.cpp.cpp; path = StudentList.cpp; sourceTree = "<group>"; };
		5D0C3B182A14037F00A586B8 /* main.cpp */ = {isa = PBXFileReference; fileEncoding = 4; lastKnownFileType = sourcecode.cpp.cpp; path = main.cpp; sourceTree = "<group>"; };
		5D0C3B1C2A1403B100A586B8 /* main.cpp */ = {isa = PBXFileReference; fileEncoding = 4; lastKnownFileType = sourcecode.cpp.cpp; path = main.cpp; sourceTree = "<group>"; };
		5D0C3B1D2A1403B100A586B8 /* StudentList.cpp */ = {isa = PBXFileReference; fileEncoding = 4; lastKnownFileType = sourcecode.cpp.cpp; path = StudentList.cpp; sourceTree = "<group>"; };
		5D0C3B1E2A1403B100A586B8 /* StudentList.h */ = {isa = PBXFileReference; fileEncoding = 4; lastKnownFileType = sourcecode.c.h; path = StudentList.h; sourceTree = "<group>"; };
		5D0C3B222A1403EC00A586B8 /* main.cpp */ = {isa = PBXFileReference; fileEncoding = 4; lastKnownFileType = sourcecode.cpp.cpp; path = main.cpp; sourceTree = "<group>"; };
		5D0C3B232A1403EC00A586B8 /* Park.h */ = {isa = PBXFileReference; fileEncoding = 4; lastKnownFileType = sourcecode.c.h; path = Park.h; sourceTree = "<group>"; };
		5D0C3B242A1403EC00A586B8 /* ListNode.h */ = {isa = PBXFileReference; fileEncoding = 4; lastKnownFileType = sourcecode.c.h; path = ListNode.h; sourceTree = "<group>"; };
		5D0C3B252A1403EC00A586B8 /* LinkedList.cpp */ = {isa = PBXFileReference; fileEncoding = 4; lastKnownFileType = sourcecode.cpp.cpp; path = LinkedList.cpp; sourceTree = "<group>"; };
		5D0C3B262A1403EC00A586B8 /* national_parks.txt */ = {isa = PBXFileReference; fileEncoding = 4; lastKnownFileType = text; path = national_parks.txt; sourceTree = "<group>"; };
		5D0C3B272A1403EC00A586B8 /* Park.cpp */ = {isa = PBXFileReference; fileEncoding = 4; lastKnownFileType = sourcecode.cpp.cpp; path = Park.cpp; sourceTree = "<group>"; };
		5D0C3B282A1403ED00A586B8 /* LinkedList.h */ = {isa = PBXFileReference; fileEncoding = 4; lastKnownFileType = sourcecode.c.h; path = LinkedList.h; sourceTree = "<group>"; };
		5D0C3B2D2A14042000A586B8 /* ListNodeADT.h */ = {isa = PBXFileReference; fileEncoding = 4; lastKnownFileType = sourcecode.c.h; path = ListNodeADT.h; sourceTree = "<group>"; };
		5D0C3B2E2A14042000A586B8 /* LinkedListADT.h */ = {isa = PBXFileReference; fileEncoding = 4; lastKnownFileType = sourcecode.c.h; path = LinkedListADT.h; sourceTree = "<group>"; };
		5D0C3B2F2A14042000A586B8 /* main.cpp */ = {isa = PBXFileReference; fileEncoding = 4; lastKnownFileType = sourcecode.cpp.cpp; path = main.cpp; sourceTree = "<group>"; };
		5D0C3B302A14042000A586B8 /* Park.h */ = {isa = PBXFileReference; fileEncoding = 4; lastKnownFileType = sourcecode.c.h; path = Park.h; sourceTree = "<group>"; };
		5D0C3B312A14042000A586B8 /* Park.cpp */ = {isa = PBXFileReference; fileEncoding = 4; lastKnownFileType = sourcecode.cpp.cpp; path = Park.cpp; sourceTree = "<group>"; };
/* End PBXFileReference section */

/* Begin PBXFrameworksBuildPhase section */
		5D0C3B022A14026A00A586B8 /* Frameworks */ = {
			isa = PBXFrameworksBuildPhase;
			buildActionMask = 2147483647;
			files = (
			);
			runOnlyForDeploymentPostprocessing = 0;
		};
/* End PBXFrameworksBuildPhase section */

/* Begin PBXGroup section */
		5D0C3AFC2A14026A00A586B8 = {
			isa = PBXGroup;
			children = (
				5D0C3B0F2A1402C100A586B8 /* Lab6.19 DLL (Insert & Display) */,
				5D0C3B152A14036100A586B8 /* Lab6.20 DLL (Delete) */,
				5D0C3B1B2A14038F00A586B8 /* Lab6.21 DLL (Insert - reject dupl) */,
				5D0C3B212A1403C900A586B8 /* Lab6.22 DLL (Park) */,
				5D0C3B2C2A1403F400A586B8 /* Lab6.23 DLL (Park Templates) */,
				5D0C3B062A14026A00A586B8 /* Products */,
			);
			sourceTree = "<group>";
		};
		5D0C3B062A14026A00A586B8 /* Products */ = {
			isa = PBXGroup;
			children = (
				5D0C3B052A14026A00A586B8 /* Wk4_DoublyLink */,
			);
			name = Products;
			sourceTree = "<group>";
		};
		5D0C3B0F2A1402C100A586B8 /* Lab6.19 DLL (Insert & Display) */ = {
			isa = PBXGroup;
			children = (
				5D0C3B122A14034300A586B8 /* main.cpp */,
				5D0C3B102A14034300A586B8 /* StudentList.cpp */,
				5D0C3B112A14034300A586B8 /* StudentList.h */,
			);
			path = "Lab6.19 DLL (Insert & Display)";
			sourceTree = "<group>";
		};
		5D0C3B152A14036100A586B8 /* Lab6.20 DLL (Delete) */ = {
			isa = PBXGroup;
			children = (
				5D0C3B182A14037F00A586B8 /* main.cpp */,
				5D0C3B172A14037F00A586B8 /* StudentList.cpp */,
				5D0C3B162A14037F00A586B8 /* StudentList.h */,
			);
			path = "Lab6.20 DLL (Delete)";
			sourceTree = "<group>";
		};
		5D0C3B1B2A14038F00A586B8 /* Lab6.21 DLL (Insert - reject dupl) */ = {
			isa = PBXGroup;
			children = (
				5D0C3B1C2A1403B100A586B8 /* main.cpp */,
				5D0C3B1D2A1403B100A586B8 /* StudentList.cpp */,
				5D0C3B1E2A1403B100A586B8 /* StudentList.h */,
			);
			path = "Lab6.21 DLL (Insert - reject dupl)";
			sourceTree = "<group>";
		};
		5D0C3B212A1403C900A586B8 /* Lab6.22 DLL (Park) */ = {
			isa = PBXGroup;
			children = (
				5D0C3B252A1403EC00A586B8 /* LinkedList.cpp */,
				5D0C3B282A1403ED00A586B8 /* LinkedList.h */,
				5D0C3B242A1403EC00A586B8 /* ListNode.h */,
				5D0C3B222A1403EC00A586B8 /* main.cpp */,
				5D0C3B262A1403EC00A586B8 /* national_parks.txt */,
				5D0C3B272A1403EC00A586B8 /* Park.cpp */,
				5D0C3B232A1403EC00A586B8 /* Park.h */,
			);
			path = "Lab6.22 DLL (Park)";
			sourceTree = "<group>";
		};
		5D0C3B2C2A1403F400A586B8 /* Lab6.23 DLL (Park Templates) */ = {
			isa = PBXGroup;
			children = (
				5D0C3B2E2A14042000A586B8 /* LinkedListADT.h */,
				5D0C3B2D2A14042000A586B8 /* ListNodeADT.h */,
				5D0C3B2F2A14042000A586B8 /* main.cpp */,
				5D0C3B312A14042000A586B8 /* Park.cpp */,
				5D0C3B302A14042000A586B8 /* Park.h */,
			);
			path = "Lab6.23 DLL (Park Templates)";
			sourceTree = "<group>";
		};
/* End PBXGroup section */

/* Begin PBXNativeTarget section */
		5D0C3B042A14026A00A586B8 /* Wk4_DoublyLink */ = {
			isa = PBXNativeTarget;
			buildConfigurationList = 5D0C3B0C2A14026A00A586B8 /* Build configuration list for PBXNativeTarget "Wk4_DoublyLink" */;
			buildPhases = (
				5D0C3B012A14026A00A586B8 /* Sources */,
				5D0C3B022A14026A00A586B8 /* Frameworks */,
				5D0C3B032A14026A00A586B8 /* CopyFiles */,
			);
			buildRules = (
			);
			dependencies = (
			);
			name = Wk4_DoublyLink;
			productName = Wk4_DoublyLink;
			productReference = 5D0C3B052A14026A00A586B8 /* Wk4_DoublyLink */;
			productType = "com.apple.product-type.tool";
		};
/* End PBXNativeTarget section */

/* Begin PBXProject section */
		5D0C3AFD2A14026A00A586B8 /* Project object */ = {
			isa = PBXProject;
			attributes = {
				BuildIndependentTargetsInParallel = 1;
				LastUpgradeCheck = 1330;
				TargetAttributes = {
					5D0C3B042A14026A00A586B8 = {
						CreatedOnToolsVersion = 13.3;
					};
				};
			};
			buildConfigurationList = 5D0C3B002A14026A00A586B8 /* Build configuration list for PBXProject "Wk4_DoublyLink" */;
			compatibilityVersion = "Xcode 13.0";
			developmentRegion = en;
			hasScannedForEncodings = 0;
			knownRegions = (
				en,
				Base,
			);
			mainGroup = 5D0C3AFC2A14026A00A586B8;
			productRefGroup = 5D0C3B062A14026A00A586B8 /* Products */;
			projectDirPath = "";
			projectRoot = "";
			targets = (
				5D0C3B042A14026A00A586B8 /* Wk4_DoublyLink */,
			);
		};
/* End PBXProject section */

/* Begin PBXSourcesBuildPhase section */
		5D0C3B012A14026A00A586B8 /* Sources */ = {
			isa = PBXSourcesBuildPhase;
			buildActionMask = 2147483647;
			files = (
				5D0C3B2B2A1403ED00A586B8 /* Park.cpp in Sources */,
				5D0C3B192A14037F00A586B8 /* StudentList.cpp in Sources */,
				5D0C3B142A14034300A586B8 /* main.cpp in Sources */,
				5D0C3B2A2A1403ED00A586B8 /* LinkedList.cpp in Sources */,
				5D0C3B1A2A14037F00A586B8 /* main.cpp in Sources */,
				5D0C3B202A1403B100A586B8 /* StudentList.cpp in Sources */,
				5D0C3B292A1403ED00A586B8 /* main.cpp in Sources */,
				5D0C3B1F2A1403B100A586B8 /* main.cpp in Sources */,
				5D0C3B332A14042000A586B8 /* Park.cpp in Sources */,
				5D0C3B322A14042000A586B8 /* main.cpp in Sources */,
				5D0C3B132A14034300A586B8 /* StudentList.cpp in Sources */,
			);
			runOnlyForDeploymentPostprocessing = 0;
		};
/* End PBXSourcesBuildPhase section */

/* Begin XCBuildConfiguration section */
		5D0C3B0A2A14026A00A586B8 /* Debug */ = {
			isa = XCBuildConfiguration;
			buildSettings = {
				ALWAYS_SEARCH_USER_PATHS = NO;
				CLANG_ANALYZER_NONNULL = YES;
				CLANG_ANALYZER_NUMBER_OBJECT_CONVERSION = YES_AGGRESSIVE;
				CLANG_CXX_LANGUAGE_STANDARD = "gnu++17";
				CLANG_ENABLE_MODULES = YES;
				CLANG_ENABLE_OBJC_ARC = YES;
				CLANG_ENABLE_OBJC_WEAK = YES;
				CLANG_WARN_BLOCK_CAPTURE_AUTORELEASING = YES;
				CLANG_WARN_BOOL_CONVERSION = YES;
				CLANG_WARN_COMMA = YES;
				CLANG_WARN_CONSTANT_CONVERSION = YES;
				CLANG_WARN_DEPRECATED_OBJC_IMPLEMENTATIONS = YES;
				CLANG_WARN_DIRECT_OBJC_ISA_USAGE = YES_ERROR;
				CLANG_WARN_DOCUMENTATION_COMMENTS = YES;
				CLANG_WARN_EMPTY_BODY = YES;
				CLANG_WARN_ENUM_CONVERSION = YES;
				CLANG_WARN_INFINITE_RECURSION = YES;
				CLANG_WARN_INT_CONVERSION = YES;
				CLANG_WARN_NON_LITERAL_NULL_CONVERSION = YES;
				CLANG_WARN_OBJC_IMPLICIT_RETAIN_SELF = YES;
				CLANG_WARN_OBJC_LITERAL_CONVERSION = YES;
				CLANG_WARN_OBJC_ROOT_CLASS = YES_ERROR;
				CLANG_WARN_QUOTED_INCLUDE_IN_FRAMEWORK_HEADER = YES;
				CLANG_WARN_RANGE_LOOP_ANALYSIS = YES;
				CLANG_WARN_STRICT_PROTOTYPES = YES;
				CLANG_WARN_SUSPICIOUS_MOVE = YES;
				CLANG_WARN_UNGUARDED_AVAILABILITY = YES_AGGRESSIVE;
				CLANG_WARN_UNREACHABLE_CODE = YES;
				CLANG_WARN__DUPLICATE_METHOD_MATCH = YES;
				COPY_PHASE_STRIP = NO;
				DEBUG_INFORMATION_FORMAT = dwarf;
				ENABLE_STRICT_OBJC_MSGSEND = YES;
				ENABLE_TESTABILITY = YES;
				GCC_C_LANGUAGE_STANDARD = gnu11;
				GCC_DYNAMIC_NO_PIC = NO;
				GCC_NO_COMMON_BLOCKS = YES;
				GCC_OPTIMIZATION_LEVEL = 0;
				GCC_PREPROCESSOR_DEFINITIONS = (
					"DEBUG=1",
					"$(inherited)",
				);
				GCC_WARN_64_TO_32_BIT_CONVERSION = YES;
				GCC_WARN_ABOUT_RETURN_TYPE = YES_ERROR;
				GCC_WARN_UNDECLARED_SELECTOR = YES;
				GCC_WARN_UNINITIALIZED_AUTOS = YES_AGGRESSIVE;
				GCC_WARN_UNUSED_FUNCTION = YES;
				GCC_WARN_UNUSED_VARIABLE = YES;
				MACOSX_DEPLOYMENT_TARGET = 12.3;
				MTL_ENABLE_DEBUG_INFO = INCLUDE_SOURCE;
				MTL_FAST_MATH = YES;
				ONLY_ACTIVE_ARCH = YES;
				SDKROOT = macosx;
			};
			name = Debug;
		};
		5D0C3B0B2A14026A00A586B8 /* Release */ = {
			isa = XCBuildConfiguration;
			buildSettings = {
				ALWAYS_SEARCH_USER_PATHS = NO;
				CLANG_ANALYZER_NONNULL = YES;
				CLANG_ANALYZER_NUMBER_OBJECT_CONVERSION = YES_AGGRESSIVE;
				CLANG_CXX_LANGUAGE_STANDARD = "gnu++17";
				CLANG_ENABLE_MODULES = YES;
				CLANG_ENABLE_OBJC_ARC = YES;
				CLANG_ENABLE_OBJC_WEAK = YES;
				CLANG_WARN_BLOCK_CAPTURE_AUTORELEASING = YES;
				CLANG_WARN_BOOL_CONVERSION = YES;
				CLANG_WARN_COMMA = YES;
				CLANG_WARN_CONSTANT_CONVERSION = YES;
				CLANG_WARN_DEPRECATED_OBJC_IMPLEMENTATIONS = YES;
				CLANG_WARN_DIRECT_OBJC_ISA_USAGE = YES_ERROR;
				CLANG_WARN_DOCUMENTATION_COMMENTS = YES;
				CLANG_WARN_EMPTY_BODY = YES;
				CLANG_WARN_ENUM_CONVERSION = YES;
				CLANG_WARN_INFINITE_RECURSION = YES;
				CLANG_WARN_INT_CONVERSION = YES;
				CLANG_WARN_NON_LITERAL_NULL_CONVERSION = YES;
				CLANG_WARN_OBJC_IMPLICIT_RETAIN_SELF = YES;
				CLANG_WARN_OBJC_LITERAL_CONVERSION = YES;
				CLANG_WARN_OBJC_ROOT_CLASS = YES_ERROR;
				CLANG_WARN_QUOTED_INCLUDE_IN_FRAMEWORK_HEADER = YES;
				CLANG_WARN_RANGE_LOOP_ANALYSIS = YES;
				CLANG_WARN_STRICT_PROTOTYPES = YES;
				CLANG_WARN_SUSPICIOUS_MOVE = YES;
				CLANG_WARN_UNGUARDED_AVAILABILITY = YES_AGGRESSIVE;
				CLANG_WARN_UNREACHABLE_CODE = YES;
				CLANG_WARN__DUPLICATE_METHOD_MATCH = YES;
				COPY_PHASE_STRIP = NO;
				DEBUG_INFORMATION_FORMAT = "dwarf-with-dsym";
				ENABLE_NS_ASSERTIONS = NO;
				ENABLE_STRICT_OBJC_MSGSEND = YES;
				GCC_C_LANGUAGE_STANDARD = gnu11;
				GCC_NO_COMMON_BLOCKS = YES;
				GCC_WARN_64_TO_32_BIT_CONVERSION = YES;
				GCC_WARN_ABOUT_RETURN_TYPE = YES_ERROR;
				GCC_WARN_UNDECLARED_SELECTOR = YES;
				GCC_WARN_UNINITIALIZED_AUTOS = YES_AGGRESSIVE;
				GCC_WARN_UNUSED_FUNCTION = YES;
				GCC_WARN_UNUSED_VARIABLE = YES;
				MACOSX_DEPLOYMENT_TARGET = 12.3;
				MTL_ENABLE_DEBUG_INFO = NO;
				MTL_FAST_MATH = YES;
				SDKROOT = macosx;
			};
			name = Release;
		};
		5D0C3B0D2A14026A00A586B8 /* Debug */ = {
			isa = XCBuildConfiguration;
			buildSettings = {
				CODE_SIGN_STYLE = Automatic;
				PRODUCT_NAME = "$(TARGET_NAME)";
			};
			name = Debug;
		};
		5D0C3B0E2A14026A00A586B8 /* Release */ = {
			isa = XCBuildConfiguration;
			buildSettings = {
				CODE_SIGN_STYLE = Automatic;
				PRODUCT_NAME = "$(TARGET_NAME)";
			};
			name = Release;
		};
/* End XCBuildConfiguration section */

/* Begin XCConfigurationList section */
		5D0C3B002A14026A00A586B8 /* Build configuration list for PBXProject "Wk4_DoublyLink" */ = {
			isa = XCConfigurationList;
			buildConfigurations = (
				5D0C3B0A2A14026A00A586B8 /* Debug */,
				5D0C3B0B2A14026A00A586B8 /* Release */,
			);
			defaultConfigurationIsVisible = 0;
			defaultConfigurationName = Release;
		};
		5D0C3B0C2A14026A00A586B8 /* Build configuration list for PBXNativeTarget "Wk4_DoublyLink" */ = {
			isa = XCConfigurationList;
			buildConfigurations = (
				5D0C3B0D2A14026A00A586B8 /* Debug */,
				5D0C3B0E2A14026A00A586B8 /* Release */,
			);
			defaultConfigurationIsVisible = 0;
			defaultConfigurationName = Release;
		};
/* End XCConfigurationList section */
	};
	rootObject = 5D0C3AFD2A14026A00A586B8 /* Project object */;
}
