// !$*UTF8*$!
{
	archiveVersion = 1;
	classes = {
	};
	objectVersion = 55;
	objects = {

/* Begin PBXBuildFile section */
		5D47C2EB2A18513400B46548 /* BinaryNode.h in Sources */ = {isa = PBXBuildFile; fileRef = 5DFA2E712A172EB700194071 /* BinaryNode.h */; };
		5D47C2EC2A18513400B46548 /* BinarySearchTree.h in Sources */ = {isa = PBXBuildFile; fileRef = 5DFA2E702A172EB700194071 /* BinarySearchTree.h */; };
		5D47C2ED2A18513400B46548 /* BinaryTree.h in Sources */ = {isa = PBXBuildFile; fileRef = 5DFA2E722A172EB700194071 /* BinaryTree.h */; };
		5D47C2EE2A18513400B46548 /* main.cpp in Sources */ = {isa = PBXBuildFile; fileRef = 5DFA2E6F2A172EB700194071 /* main.cpp */; };
/* End PBXBuildFile section */

/* Begin PBXCopyFilesBuildPhase section */
		5DFA2E4F2A172DF500194071 /* CopyFiles */ = {
			isa = PBXCopyFilesBuildPhase;
			buildActionMask = 2147483647;
			dstPath = /usr/share/man/man1/;
			dstSubfolderSpec = 0;
			files = (
			);
			runOnlyForDeploymentPostprocessing = 1;
		};
/* End PBXCopyFilesBuildPhase section */

/* Begin PBXFileReference section */
		5DFA2E512A172DF500194071 /* Wk5_Trees */ = {isa = PBXFileReference; explicitFileType = "compiled.mach-o.executable"; includeInIndex = 0; path = Wk5_Trees; sourceTree = BUILT_PRODUCTS_DIR; };
		5DFA2E5C2A172E2700194071 /* BinaryTree.h */ = {isa = PBXFileReference; fileEncoding = 4; lastKnownFileType = sourcecode.c.h; path = BinaryTree.h; sourceTree = "<group>"; };
		5DFA2E5D2A172E2700194071 /* BinaryTree.cpp */ = {isa = PBXFileReference; fileEncoding = 4; lastKnownFileType = sourcecode.cpp.cpp; path = BinaryTree.cpp; sourceTree = "<group>"; };
		5DFA2E5E2A172E2700194071 /* BinaryTree_Demo.cpp */ = {isa = PBXFileReference; fileEncoding = 4; lastKnownFileType = sourcecode.cpp.cpp; path = BinaryTree_Demo.cpp; sourceTree = "<group>"; };
		5DFA2E632A172E6500194071 /* BinaryTree.cpp */ = {isa = PBXFileReference; fileEncoding = 4; lastKnownFileType = sourcecode.cpp.cpp; path = BinaryTree.cpp; sourceTree = "<group>"; };
		5DFA2E642A172E6500194071 /* BinaryTree_Demo.cpp */ = {isa = PBXFileReference; fileEncoding = 4; lastKnownFileType = sourcecode.cpp.cpp; path = BinaryTree_Demo.cpp; sourceTree = "<group>"; };
		5DFA2E652A172E6500194071 /* BinaryTree.h */ = {isa = PBXFileReference; fileEncoding = 4; lastKnownFileType = sourcecode.c.h; path = BinaryTree.h; sourceTree = "<group>"; };
		5DFA2E692A172E8E00194071 /* BinaryNode.h */ = {isa = PBXFileReference; fileEncoding = 4; lastKnownFileType = sourcecode.c.h; path = BinaryNode.h; sourceTree = "<group>"; };
		5DFA2E6A2A172E8E00194071 /* BinarySearchTree.h */ = {isa = PBXFileReference; fileEncoding = 4; lastKnownFileType = sourcecode.c.h; path = BinarySearchTree.h; sourceTree = "<group>"; };
		5DFA2E6B2A172E8E00194071 /* main.cpp */ = {isa = PBXFileReference; fileEncoding = 4; lastKnownFileType = sourcecode.cpp.cpp; path = main.cpp; sourceTree = "<group>"; };
		5DFA2E6C2A172E8E00194071 /* BinaryTree.h */ = {isa = PBXFileReference; fileEncoding = 4; lastKnownFileType = sourcecode.c.h; path = BinaryTree.h; sourceTree = "<group>"; };
		5DFA2E6F2A172EB700194071 /* main.cpp */ = {isa = PBXFileReference; fileEncoding = 4; lastKnownFileType = sourcecode.cpp.cpp; path = main.cpp; sourceTree = "<group>"; };
		5DFA2E702A172EB700194071 /* BinarySearchTree.h */ = {isa = PBXFileReference; fileEncoding = 4; lastKnownFileType = sourcecode.c.h; path = BinarySearchTree.h; sourceTree = "<group>"; };
		5DFA2E712A172EB700194071 /* BinaryNode.h */ = {isa = PBXFileReference; fileEncoding = 4; lastKnownFileType = sourcecode.c.h; path = BinaryNode.h; sourceTree = "<group>"; };
		5DFA2E722A172EB700194071 /* BinaryTree.h */ = {isa = PBXFileReference; fileEncoding = 4; lastKnownFileType = sourcecode.c.h; path = BinaryTree.h; sourceTree = "<group>"; };
		5DFA2E7A2A172F6200194071 /* BinaryTree.h */ = {isa = PBXFileReference; fileEncoding = 4; lastKnownFileType = sourcecode.c.h; path = BinaryTree.h; sourceTree = "<group>"; };
		5DFA2E7B2A172F6200194071 /* BinaryNode.h */ = {isa = PBXFileReference; fileEncoding = 4; lastKnownFileType = sourcecode.c.h; path = BinaryNode.h; sourceTree = "<group>"; };
		5DFA2E7C2A172F6300194071 /* main.cpp */ = {isa = PBXFileReference; fileEncoding = 4; lastKnownFileType = sourcecode.cpp.cpp; path = main.cpp; sourceTree = "<group>"; };
		5DFA2E7D2A172F6300194071 /* BinarySearchTree.h */ = {isa = PBXFileReference; fileEncoding = 4; lastKnownFileType = sourcecode.c.h; path = BinarySearchTree.h; sourceTree = "<group>"; };
		5DFA2E802A172F8800194071 /* BinaryNode.h */ = {isa = PBXFileReference; fileEncoding = 4; lastKnownFileType = sourcecode.c.h; path = BinaryNode.h; sourceTree = "<group>"; };
		5DFA2E812A172F8800194071 /* main.cpp */ = {isa = PBXFileReference; fileEncoding = 4; lastKnownFileType = sourcecode.cpp.cpp; path = main.cpp; sourceTree = "<group>"; };
		5DFA2E822A172F8800194071 /* BinarySearchTree.h */ = {isa = PBXFileReference; fileEncoding = 4; lastKnownFileType = sourcecode.c.h; path = BinarySearchTree.h; sourceTree = "<group>"; };
		5DFA2E832A172F8800194071 /* BinaryTree.h */ = {isa = PBXFileReference; fileEncoding = 4; lastKnownFileType = sourcecode.c.h; path = BinaryTree.h; sourceTree = "<group>"; };
/* End PBXFileReference section */

/* Begin PBXFrameworksBuildPhase section */
		5DFA2E4E2A172DF500194071 /* Frameworks */ = {
			isa = PBXFrameworksBuildPhase;
			buildActionMask = 2147483647;
			files = (
			);
			runOnlyForDeploymentPostprocessing = 0;
		};
/* End PBXFrameworksBuildPhase section */

/* Begin PBXGroup section */
		5DFA2E482A172DF500194071 = {
			isa = PBXGroup;
			children = (
				5DFA2E5B2A172E1100194071 /* Lab8.3 BT-Traversals (in, post, preOrder) */,
				5DFA2E622A172E4400194071 /* Lab8.4 BT-TraversalsV2 (in, post, preOrder) */,
				5DFA2E682A172E7200194071 /* Lab8.7 BT-BST (Traversals) */,
				5DFA2E6E2A172E9B00194071 /* Lab8.8 BT-BST (Smallest&Largest) */,
				5DFA2E742A172EC400194071 /* Lab8.9 BT-BST (Indented Tree) */,
				5DFA2E7F2A172F6B00194071 /* Lab8.12 BT-BST (Search) */,
				5DFA2E852A172F9600194071 /* Lab8.14 BT-BST (ADT) */,
				5DFA2E522A172DF500194071 /* Products */,
			);
			sourceTree = "<group>";
		};
		5DFA2E522A172DF500194071 /* Products */ = {
			isa = PBXGroup;
			children = (
				5DFA2E512A172DF500194071 /* Wk5_Trees */,
			);
			name = Products;
			sourceTree = "<group>";
		};
		5DFA2E5B2A172E1100194071 /* Lab8.3 BT-Traversals (in, post, preOrder) */ = {
			isa = PBXGroup;
			children = (
				5DFA2E5E2A172E2700194071 /* BinaryTree_Demo.cpp */,
				5DFA2E5D2A172E2700194071 /* BinaryTree.cpp */,
				5DFA2E5C2A172E2700194071 /* BinaryTree.h */,
			);
			path = "Lab8.3 BT-Traversals (in, post, preOrder)";
			sourceTree = "<group>";
		};
		5DFA2E622A172E4400194071 /* Lab8.4 BT-TraversalsV2 (in, post, preOrder) */ = {
			isa = PBXGroup;
			children = (
				5DFA2E642A172E6500194071 /* BinaryTree_Demo.cpp */,
				5DFA2E632A172E6500194071 /* BinaryTree.cpp */,
				5DFA2E652A172E6500194071 /* BinaryTree.h */,
			);
			path = "Lab8.4 BT-TraversalsV2 (in, post, preOrder)";
			sourceTree = "<group>";
		};
		5DFA2E682A172E7200194071 /* Lab8.7 BT-BST (Traversals) */ = {
			isa = PBXGroup;
			children = (
				5DFA2E692A172E8E00194071 /* BinaryNode.h */,
				5DFA2E6A2A172E8E00194071 /* BinarySearchTree.h */,
				5DFA2E6C2A172E8E00194071 /* BinaryTree.h */,
				5DFA2E6B2A172E8E00194071 /* main.cpp */,
			);
			path = "Lab8.7 BT-BST (Traversals)";
			sourceTree = "<group>";
		};
		5DFA2E6E2A172E9B00194071 /* Lab8.8 BT-BST (Smallest&Largest) */ = {
			isa = PBXGroup;
			children = (
				5DFA2E712A172EB700194071 /* BinaryNode.h */,
				5DFA2E702A172EB700194071 /* BinarySearchTree.h */,
				5DFA2E722A172EB700194071 /* BinaryTree.h */,
				5DFA2E6F2A172EB700194071 /* main.cpp */,
			);
			path = "Lab8.8 BT-BST (Smallest&Largest)";
			sourceTree = "<group>";
		};
		5DFA2E742A172EC400194071 /* Lab8.9 BT-BST (Indented Tree) */ = {
			isa = PBXGroup;
			children = (
				5DFA2E7B2A172F6200194071 /* BinaryNode.h */,
				5DFA2E7D2A172F6300194071 /* BinarySearchTree.h */,
				5DFA2E7A2A172F6200194071 /* BinaryTree.h */,
				5DFA2E7C2A172F6300194071 /* main.cpp */,
			);
			path = "Lab8.9 BT-BST (Indented Tree)";
			sourceTree = "<group>";
		};
		5DFA2E7F2A172F6B00194071 /* Lab8.12 BT-BST (Search) */ = {
			isa = PBXGroup;
			children = (
				5DFA2E802A172F8800194071 /* BinaryNode.h */,
				5DFA2E822A172F8800194071 /* BinarySearchTree.h */,
				5DFA2E832A172F8800194071 /* BinaryTree.h */,
				5DFA2E812A172F8800194071 /* main.cpp */,
			);
			path = "Lab8.12 BT-BST (Search)";
			sourceTree = "<group>";
		};
		5DFA2E852A172F9600194071 /* Lab8.14 BT-BST (ADT) */ = {
			isa = PBXGroup;
			children = (
			);
			path = "Lab8.14 BT-BST (ADT)";
			sourceTree = "<group>";
		};
/* End PBXGroup section */

/* Begin PBXNativeTarget section */
		5DFA2E502A172DF500194071 /* Wk5_Trees */ = {
			isa = PBXNativeTarget;
			buildConfigurationList = 5DFA2E582A172DF500194071 /* Build configuration list for PBXNativeTarget "Wk5_Trees" */;
			buildPhases = (
				5DFA2E4D2A172DF500194071 /* Sources */,
				5DFA2E4E2A172DF500194071 /* Frameworks */,
				5DFA2E4F2A172DF500194071 /* CopyFiles */,
			);
			buildRules = (
			);
			dependencies = (
			);
			name = Wk5_Trees;
			productName = Wk5_Trees;
			productReference = 5DFA2E512A172DF500194071 /* Wk5_Trees */;
			productType = "com.apple.product-type.tool";
		};
/* End PBXNativeTarget section */

/* Begin PBXProject section */
		5DFA2E492A172DF500194071 /* Project object */ = {
			isa = PBXProject;
			attributes = {
				BuildIndependentTargetsInParallel = 1;
				LastUpgradeCheck = 1330;
				TargetAttributes = {
					5DFA2E502A172DF500194071 = {
						CreatedOnToolsVersion = 13.3;
					};
				};
			};
			buildConfigurationList = 5DFA2E4C2A172DF500194071 /* Build configuration list for PBXProject "Wk5_Trees" */;
			compatibilityVersion = "Xcode 13.0";
			developmentRegion = en;
			hasScannedForEncodings = 0;
			knownRegions = (
				en,
				Base,
			);
			mainGroup = 5DFA2E482A172DF500194071;
			productRefGroup = 5DFA2E522A172DF500194071 /* Products */;
			projectDirPath = "";
			projectRoot = "";
			targets = (
				5DFA2E502A172DF500194071 /* Wk5_Trees */,
			);
		};
/* End PBXProject section */

/* Begin PBXSourcesBuildPhase section */
		5DFA2E4D2A172DF500194071 /* Sources */ = {
			isa = PBXSourcesBuildPhase;
			buildActionMask = 2147483647;
			files = (
				5D47C2EB2A18513400B46548 /* BinaryNode.h in Sources */,
				5D47C2EC2A18513400B46548 /* BinarySearchTree.h in Sources */,
				5D47C2ED2A18513400B46548 /* BinaryTree.h in Sources */,
				5D47C2EE2A18513400B46548 /* main.cpp in Sources */,
			);
			runOnlyForDeploymentPostprocessing = 0;
		};
/* End PBXSourcesBuildPhase section */

/* Begin XCBuildConfiguration section */
		5DFA2E562A172DF500194071 /* Debug */ = {
			isa = XCBuildConfiguration;
			buildSettings = {
				ALWAYS_SEARCH_USER_PATHS = NO;
				CLANG_ANALYZER_NONNULL = YES;
				CLANG_ANALYZER_NUMBER_OBJECT_CONVERSION = YES_AGGRESSIVE;
				CLANG_CXX_LANGUAGE_STANDARD = "gnu++17";
				CLANG_ENABLE_MODULES = YES;
				CLANG_ENABLE_OBJC_ARC = YES;
				CLANG_ENABLE_OBJC_WEAK = YES;
				CLANG_WARN_BLOCK_CAPTURE_AUTORELEASING = YES;
				CLANG_WARN_BOOL_CONVERSION = YES;
				CLANG_WARN_COMMA = YES;
				CLANG_WARN_CONSTANT_CONVERSION = YES;
				CLANG_WARN_DEPRECATED_OBJC_IMPLEMENTATIONS = YES;
				CLANG_WARN_DIRECT_OBJC_ISA_USAGE = YES_ERROR;
				CLANG_WARN_DOCUMENTATION_COMMENTS = YES;
				CLANG_WARN_EMPTY_BODY = YES;
				CLANG_WARN_ENUM_CONVERSION = YES;
				CLANG_WARN_INFINITE_RECURSION = YES;
				CLANG_WARN_INT_CONVERSION = YES;
				CLANG_WARN_NON_LITERAL_NULL_CONVERSION = YES;
				CLANG_WARN_OBJC_IMPLICIT_RETAIN_SELF = YES;
				CLANG_WARN_OBJC_LITERAL_CONVERSION = YES;
				CLANG_WARN_OBJC_ROOT_CLASS = YES_ERROR;
				CLANG_WARN_QUOTED_INCLUDE_IN_FRAMEWORK_HEADER = YES;
				CLANG_WARN_RANGE_LOOP_ANALYSIS = YES;
				CLANG_WARN_STRICT_PROTOTYPES = YES;
				CLANG_WARN_SUSPICIOUS_MOVE = YES;
				CLANG_WARN_UNGUARDED_AVAILABILITY = YES_AGGRESSIVE;
				CLANG_WARN_UNREACHABLE_CODE = YES;
				CLANG_WARN__DUPLICATE_METHOD_MATCH = YES;
				COPY_PHASE_STRIP = NO;
				DEBUG_INFORMATION_FORMAT = dwarf;
				ENABLE_STRICT_OBJC_MSGSEND = YES;
				ENABLE_TESTABILITY = YES;
				GCC_C_LANGUAGE_STANDARD = gnu11;
				GCC_DYNAMIC_NO_PIC = NO;
				GCC_NO_COMMON_BLOCKS = YES;
				GCC_OPTIMIZATION_LEVEL = 0;
				GCC_PREPROCESSOR_DEFINITIONS = (
					"DEBUG=1",
					"$(inherited)",
				);
				GCC_WARN_64_TO_32_BIT_CONVERSION = YES;
				GCC_WARN_ABOUT_RETURN_TYPE = YES_ERROR;
				GCC_WARN_UNDECLARED_SELECTOR = YES;
				GCC_WARN_UNINITIALIZED_AUTOS = YES_AGGRESSIVE;
				GCC_WARN_UNUSED_FUNCTION = YES;
				GCC_WARN_UNUSED_VARIABLE = YES;
				MACOSX_DEPLOYMENT_TARGET = 12.3;
				MTL_ENABLE_DEBUG_INFO = INCLUDE_SOURCE;
				MTL_FAST_MATH = YES;
				ONLY_ACTIVE_ARCH = YES;
				SDKROOT = macosx;
			};
			name = Debug;
		};
		5DFA2E572A172DF500194071 /* Release */ = {
			isa = XCBuildConfiguration;
			buildSettings = {
				ALWAYS_SEARCH_USER_PATHS = NO;
				CLANG_ANALYZER_NONNULL = YES;
				CLANG_ANALYZER_NUMBER_OBJECT_CONVERSION = YES_AGGRESSIVE;
				CLANG_CXX_LANGUAGE_STANDARD = "gnu++17";
				CLANG_ENABLE_MODULES = YES;
				CLANG_ENABLE_OBJC_ARC = YES;
				CLANG_ENABLE_OBJC_WEAK = YES;
				CLANG_WARN_BLOCK_CAPTURE_AUTORELEASING = YES;
				CLANG_WARN_BOOL_CONVERSION = YES;
				CLANG_WARN_COMMA = YES;
				CLANG_WARN_CONSTANT_CONVERSION = YES;
				CLANG_WARN_DEPRECATED_OBJC_IMPLEMENTATIONS = YES;
				CLANG_WARN_DIRECT_OBJC_ISA_USAGE = YES_ERROR;
				CLANG_WARN_DOCUMENTATION_COMMENTS = YES;
				CLANG_WARN_EMPTY_BODY = YES;
				CLANG_WARN_ENUM_CONVERSION = YES;
				CLANG_WARN_INFINITE_RECURSION = YES;
				CLANG_WARN_INT_CONVERSION = YES;
				CLANG_WARN_NON_LITERAL_NULL_CONVERSION = YES;
				CLANG_WARN_OBJC_IMPLICIT_RETAIN_SELF = YES;
				CLANG_WARN_OBJC_LITERAL_CONVERSION = YES;
				CLANG_WARN_OBJC_ROOT_CLASS = YES_ERROR;
				CLANG_WARN_QUOTED_INCLUDE_IN_FRAMEWORK_HEADER = YES;
				CLANG_WARN_RANGE_LOOP_ANALYSIS = YES;
				CLANG_WARN_STRICT_PROTOTYPES = YES;
				CLANG_WARN_SUSPICIOUS_MOVE = YES;
				CLANG_WARN_UNGUARDED_AVAILABILITY = YES_AGGRESSIVE;
				CLANG_WARN_UNREACHABLE_CODE = YES;
				CLANG_WARN__DUPLICATE_METHOD_MATCH = YES;
				COPY_PHASE_STRIP = NO;
				DEBUG_INFORMATION_FORMAT = "dwarf-with-dsym";
				ENABLE_NS_ASSERTIONS = NO;
				ENABLE_STRICT_OBJC_MSGSEND = YES;
				GCC_C_LANGUAGE_STANDARD = gnu11;
				GCC_NO_COMMON_BLOCKS = YES;
				GCC_WARN_64_TO_32_BIT_CONVERSION = YES;
				GCC_WARN_ABOUT_RETURN_TYPE = YES_ERROR;
				GCC_WARN_UNDECLARED_SELECTOR = YES;
				GCC_WARN_UNINITIALIZED_AUTOS = YES_AGGRESSIVE;
				GCC_WARN_UNUSED_FUNCTION = YES;
				GCC_WARN_UNUSED_VARIABLE = YES;
				MACOSX_DEPLOYMENT_TARGET = 12.3;
				MTL_ENABLE_DEBUG_INFO = NO;
				MTL_FAST_MATH = YES;
				SDKROOT = macosx;
			};
			name = Release;
		};
		5DFA2E592A172DF500194071 /* Debug */ = {
			isa = XCBuildConfiguration;
			buildSettings = {
				CODE_SIGN_STYLE = Automatic;
				PRODUCT_NAME = "$(TARGET_NAME)";
			};
			name = Debug;
		};
		5DFA2E5A2A172DF500194071 /* Release */ = {
			isa = XCBuildConfiguration;
			buildSettings = {
				CODE_SIGN_STYLE = Automatic;
				PRODUCT_NAME = "$(TARGET_NAME)";
			};
			name = Release;
		};
/* End XCBuildConfiguration section */

/* Begin XCConfigurationList section */
		5DFA2E4C2A172DF500194071 /* Build configuration list for PBXProject "Wk5_Trees" */ = {
			isa = XCConfigurationList;
			buildConfigurations = (
				5DFA2E562A172DF500194071 /* Debug */,
				5DFA2E572A172DF500194071 /* Release */,
			);
			defaultConfigurationIsVisible = 0;
			defaultConfigurationName = Release;
		};
		5DFA2E582A172DF500194071 /* Build configuration list for PBXNativeTarget "Wk5_Trees" */ = {
			isa = XCConfigurationList;
			buildConfigurations = (
				5DFA2E592A172DF500194071 /* Debug */,
				5DFA2E5A2A172DF500194071 /* Release */,
			);
			defaultConfigurationIsVisible = 0;
			defaultConfigurationName = Release;
		};
/* End XCConfigurationList section */
	};
	rootObject = 5DFA2E492A172DF500194071 /* Project object */;
}
