// !$*UTF8*$!
{
	archiveVersion = 1;
	classes = {
	};
	objectVersion = 55;
	objects = {

/* Begin PBXBuildFile section */
		5D399F6E2A1409D90038610E /* main.cpp in Sources */ = {isa = PBXBuildFile; fileRef = 5D399F6D2A1409D90038610E /* main.cpp */; };
		5D399F712A140A130038610E /* main.cpp in Sources */ = {isa = PBXBuildFile; fileRef = 5D399F702A140A130038610E /* main.cpp */; };
		5D399F742A140A3B0038610E /* main.cpp in Sources */ = {isa = PBXBuildFile; fileRef = 5D399F732A140A3B0038610E /* main.cpp */; };
		5D399F7F2A140A680038610E /* main.cpp in Sources */ = {isa = PBXBuildFile; fileRef = 5D399F7E2A140A680038610E /* main.cpp */; };
/* End PBXBuildFile section */

/* Begin PBXCopyFilesBuildPhase section */
		5D399F602A1409AA0038610E /* CopyFiles */ = {
			isa = PBXCopyFilesBuildPhase;
			buildActionMask = 2147483647;
			dstPath = /usr/share/man/man1/;
			dstSubfolderSpec = 0;
			files = (
			);
			runOnlyForDeploymentPostprocessing = 1;
		};
/* End PBXCopyFilesBuildPhase section */

/* Begin PBXFileReference section */
		5D399F622A1409AA0038610E /* Wk1_Stacks */ = {isa = PBXFileReference; explicitFileType = "compiled.mach-o.executable"; includeInIndex = 0; path = Wk1_Stacks; sourceTree = BUILT_PRODUCTS_DIR; };
		5D399F6D2A1409D90038610E /* main.cpp */ = {isa = PBXFileReference; fileEncoding = 4; lastKnownFileType = sourcecode.cpp.cpp; path = main.cpp; sourceTree = "<group>"; };
		5D399F702A140A130038610E /* main.cpp */ = {isa = PBXFileReference; fileEncoding = 4; lastKnownFileType = sourcecode.cpp.cpp; path = main.cpp; sourceTree = "<group>"; };
		5D399F732A140A3B0038610E /* main.cpp */ = {isa = PBXFileReference; fileEncoding = 4; lastKnownFileType = sourcecode.cpp.cpp; path = main.cpp; sourceTree = "<group>"; };
		5D399F762A140A670038610E /* in1.txt */ = {isa = PBXFileReference; fileEncoding = 4; lastKnownFileType = text; path = in1.txt; sourceTree = "<group>"; };
		5D399F772A140A670038610E /* in6.txt */ = {isa = PBXFileReference; fileEncoding = 4; lastKnownFileType = text; path = in6.txt; sourceTree = "<group>"; };
		5D399F782A140A680038610E /* StackADT.h */ = {isa = PBXFileReference; fileEncoding = 4; lastKnownFileType = sourcecode.c.h; path = StackADT.h; sourceTree = "<group>"; };
		5D399F792A140A680038610E /* in5.txt */ = {isa = PBXFileReference; fileEncoding = 4; lastKnownFileType = text; path = in5.txt; sourceTree = "<group>"; };
		5D399F7A2A140A680038610E /* in2.txt */ = {isa = PBXFileReference; fileEncoding = 4; lastKnownFileType = text; path = in2.txt; sourceTree = "<group>"; };
		5D399F7B2A140A680038610E /* last.txt */ = {isa = PBXFileReference; fileEncoding = 4; lastKnownFileType = text; path = last.txt; sourceTree = "<group>"; };
		5D399F7C2A140A680038610E /* in4.txt */ = {isa = PBXFileReference; fileEncoding = 4; lastKnownFileType = text; path = in4.txt; sourceTree = "<group>"; };
		5D399F7D2A140A680038610E /* in3.txt */ = {isa = PBXFileReference; fileEncoding = 4; lastKnownFileType = text; path = in3.txt; sourceTree = "<group>"; };
		5D399F7E2A140A680038610E /* main.cpp */ = {isa = PBXFileReference; fileEncoding = 4; lastKnownFileType = sourcecode.cpp.cpp; path = main.cpp; sourceTree = "<group>"; };
/* End PBXFileReference section */

/* Begin PBXFrameworksBuildPhase section */
		5D399F5F2A1409AA0038610E /* Frameworks */ = {
			isa = PBXFrameworksBuildPhase;
			buildActionMask = 2147483647;
			files = (
			);
			runOnlyForDeploymentPostprocessing = 0;
		};
/* End PBXFrameworksBuildPhase section */

/* Begin PBXGroup section */
		5D399F592A1409AA0038610E = {
			isa = PBXGroup;
			children = (
				5D399F6C2A1409C20038610E /* Lab3.6 Stacks1 (strings) */,
				5D399F6F2A1409F00038610E /* Lab3.7 Stacks2 (destructor) */,
				5D399F722A140A270038610E /* Lab3.8 Stacks3 (pop) */,
				5D399F752A140A440038610E /* Lab3.9 Stacks4 (Stack ADT) */,
				5D399F632A1409AA0038610E /* Products */,
			);
			sourceTree = "<group>";
		};
		5D399F632A1409AA0038610E /* Products */ = {
			isa = PBXGroup;
			children = (
				5D399F622A1409AA0038610E /* Wk1_Stacks */,
			);
			name = Products;
			sourceTree = "<group>";
		};
		5D399F6C2A1409C20038610E /* Lab3.6 Stacks1 (strings) */ = {
			isa = PBXGroup;
			children = (
				5D399F6D2A1409D90038610E /* main.cpp */,
			);
			path = "Lab3.6 Stacks1 (strings)";
			sourceTree = "<group>";
		};
		5D399F6F2A1409F00038610E /* Lab3.7 Stacks2 (destructor) */ = {
			isa = PBXGroup;
			children = (
				5D399F702A140A130038610E /* main.cpp */,
			);
			path = "Lab3.7 Stacks2 (destructor)";
			sourceTree = "<group>";
		};
		5D399F722A140A270038610E /* Lab3.8 Stacks3 (pop) */ = {
			isa = PBXGroup;
			children = (
				5D399F732A140A3B0038610E /* main.cpp */,
			);
			path = "Lab3.8 Stacks3 (pop)";
			sourceTree = "<group>";
		};
		5D399F752A140A440038610E /* Lab3.9 Stacks4 (Stack ADT) */ = {
			isa = PBXGroup;
			children = (
				5D399F762A140A670038610E /* in1.txt */,
				5D399F7A2A140A680038610E /* in2.txt */,
				5D399F7D2A140A680038610E /* in3.txt */,
				5D399F7C2A140A680038610E /* in4.txt */,
				5D399F792A140A680038610E /* in5.txt */,
				5D399F772A140A670038610E /* in6.txt */,
				5D399F7B2A140A680038610E /* last.txt */,
				5D399F7E2A140A680038610E /* main.cpp */,
				5D399F782A140A680038610E /* StackADT.h */,
			);
			path = "Lab3.9 Stacks4 (Stack ADT)";
			sourceTree = "<group>";
		};
/* End PBXGroup section */

/* Begin PBXNativeTarget section */
		5D399F612A1409AA0038610E /* Wk1_Stacks */ = {
			isa = PBXNativeTarget;
			buildConfigurationList = 5D399F692A1409AA0038610E /* Build configuration list for PBXNativeTarget "Wk1_Stacks" */;
			buildPhases = (
				5D399F5E2A1409AA0038610E /* Sources */,
				5D399F5F2A1409AA0038610E /* Frameworks */,
				5D399F602A1409AA0038610E /* CopyFiles */,
			);
			buildRules = (
			);
			dependencies = (
			);
			name = Wk1_Stacks;
			productName = Wk1_Stacks;
			productReference = 5D399F622A1409AA0038610E /* Wk1_Stacks */;
			productType = "com.apple.product-type.tool";
		};
/* End PBXNativeTarget section */

/* Begin PBXProject section */
		5D399F5A2A1409AA0038610E /* Project object */ = {
			isa = PBXProject;
			attributes = {
				BuildIndependentTargetsInParallel = 1;
				LastUpgradeCheck = 1330;
				TargetAttributes = {
					5D399F612A1409AA0038610E = {
						CreatedOnToolsVersion = 13.3;
					};
				};
			};
			buildConfigurationList = 5D399F5D2A1409AA0038610E /* Build configuration list for PBXProject "Wk1_Stacks" */;
			compatibilityVersion = "Xcode 13.0";
			developmentRegion = en;
			hasScannedForEncodings = 0;
			knownRegions = (
				en,
				Base,
			);
			mainGroup = 5D399F592A1409AA0038610E;
			productRefGroup = 5D399F632A1409AA0038610E /* Products */;
			projectDirPath = "";
			projectRoot = "";
			targets = (
				5D399F612A1409AA0038610E /* Wk1_Stacks */,
			);
		};
/* End PBXProject section */

/* Begin PBXSourcesBuildPhase section */
		5D399F5E2A1409AA0038610E /* Sources */ = {
			isa = PBXSourcesBuildPhase;
			buildActionMask = 2147483647;
			files = (
				5D399F712A140A130038610E /* main.cpp in Sources */,
				5D399F6E2A1409D90038610E /* main.cpp in Sources */,
				5D399F7F2A140A680038610E /* main.cpp in Sources */,
				5D399F742A140A3B0038610E /* main.cpp in Sources */,
			);
			runOnlyForDeploymentPostprocessing = 0;
		};
/* End PBXSourcesBuildPhase section */

/* Begin XCBuildConfiguration section */
		5D399F672A1409AA0038610E /* Debug */ = {
			isa = XCBuildConfiguration;
			buildSettings = {
				ALWAYS_SEARCH_USER_PATHS = NO;
				CLANG_ANALYZER_NONNULL = YES;
				CLANG_ANALYZER_NUMBER_OBJECT_CONVERSION = YES_AGGRESSIVE;
				CLANG_CXX_LANGUAGE_STANDARD = "gnu++17";
				CLANG_ENABLE_MODULES = YES;
				CLANG_ENABLE_OBJC_ARC = YES;
				CLANG_ENABLE_OBJC_WEAK = YES;
				CLANG_WARN_BLOCK_CAPTURE_AUTORELEASING = YES;
				CLANG_WARN_BOOL_CONVERSION = YES;
				CLANG_WARN_COMMA = YES;
				CLANG_WARN_CONSTANT_CONVERSION = YES;
				CLANG_WARN_DEPRECATED_OBJC_IMPLEMENTATIONS = YES;
				CLANG_WARN_DIRECT_OBJC_ISA_USAGE = YES_ERROR;
				CLANG_WARN_DOCUMENTATION_COMMENTS = YES;
				CLANG_WARN_EMPTY_BODY = YES;
				CLANG_WARN_ENUM_CONVERSION = YES;
				CLANG_WARN_INFINITE_RECURSION = YES;
				CLANG_WARN_INT_CONVERSION = YES;
				CLANG_WARN_NON_LITERAL_NULL_CONVERSION = YES;
				CLANG_WARN_OBJC_IMPLICIT_RETAIN_SELF = YES;
				CLANG_WARN_OBJC_LITERAL_CONVERSION = YES;
				CLANG_WARN_OBJC_ROOT_CLASS = YES_ERROR;
				CLANG_WARN_QUOTED_INCLUDE_IN_FRAMEWORK_HEADER = YES;
				CLANG_WARN_RANGE_LOOP_ANALYSIS = YES;
				CLANG_WARN_STRICT_PROTOTYPES = YES;
				CLANG_WARN_SUSPICIOUS_MOVE = YES;
				CLANG_WARN_UNGUARDED_AVAILABILITY = YES_AGGRESSIVE;
				CLANG_WARN_UNREACHABLE_CODE = YES;
				CLANG_WARN__DUPLICATE_METHOD_MATCH = YES;
				COPY_PHASE_STRIP = NO;
				DEBUG_INFORMATION_FORMAT = dwarf;
				ENABLE_STRICT_OBJC_MSGSEND = YES;
				ENABLE_TESTABILITY = YES;
				GCC_C_LANGUAGE_STANDARD = gnu11;
				GCC_DYNAMIC_NO_PIC = NO;
				GCC_NO_COMMON_BLOCKS = YES;
				GCC_OPTIMIZATION_LEVEL = 0;
				GCC_PREPROCESSOR_DEFINITIONS = (
					"DEBUG=1",
					"$(inherited)",
				);
				GCC_WARN_64_TO_32_BIT_CONVERSION = YES;
				GCC_WARN_ABOUT_RETURN_TYPE = YES_ERROR;
				GCC_WARN_UNDECLARED_SELECTOR = YES;
				GCC_WARN_UNINITIALIZED_AUTOS = YES_AGGRESSIVE;
				GCC_WARN_UNUSED_FUNCTION = YES;
				GCC_WARN_UNUSED_VARIABLE = YES;
				MACOSX_DEPLOYMENT_TARGET = 12.3;
				MTL_ENABLE_DEBUG_INFO = INCLUDE_SOURCE;
				MTL_FAST_MATH = YES;
				ONLY_ACTIVE_ARCH = YES;
				SDKROOT = macosx;
			};
			name = Debug;
		};
		5D399F682A1409AA0038610E /* Release */ = {
			isa = XCBuildConfiguration;
			buildSettings = {
				ALWAYS_SEARCH_USER_PATHS = NO;
				CLANG_ANALYZER_NONNULL = YES;
				CLANG_ANALYZER_NUMBER_OBJECT_CONVERSION = YES_AGGRESSIVE;
				CLANG_CXX_LANGUAGE_STANDARD = "gnu++17";
				CLANG_ENABLE_MODULES = YES;
				CLANG_ENABLE_OBJC_ARC = YES;
				CLANG_ENABLE_OBJC_WEAK = YES;
				CLANG_WARN_BLOCK_CAPTURE_AUTORELEASING = YES;
				CLANG_WARN_BOOL_CONVERSION = YES;
				CLANG_WARN_COMMA = YES;
				CLANG_WARN_CONSTANT_CONVERSION = YES;
				CLANG_WARN_DEPRECATED_OBJC_IMPLEMENTATIONS = YES;
				CLANG_WARN_DIRECT_OBJC_ISA_USAGE = YES_ERROR;
				CLANG_WARN_DOCUMENTATION_COMMENTS = YES;
				CLANG_WARN_EMPTY_BODY = YES;
				CLANG_WARN_ENUM_CONVERSION = YES;
				CLANG_WARN_INFINITE_RECURSION = YES;
				CLANG_WARN_INT_CONVERSION = YES;
				CLANG_WARN_NON_LITERAL_NULL_CONVERSION = YES;
				CLANG_WARN_OBJC_IMPLICIT_RETAIN_SELF = YES;
				CLANG_WARN_OBJC_LITERAL_CONVERSION = YES;
				CLANG_WARN_OBJC_ROOT_CLASS = YES_ERROR;
				CLANG_WARN_QUOTED_INCLUDE_IN_FRAMEWORK_HEADER = YES;
				CLANG_WARN_RANGE_LOOP_ANALYSIS = YES;
				CLANG_WARN_STRICT_PROTOTYPES = YES;
				CLANG_WARN_SUSPICIOUS_MOVE = YES;
				CLANG_WARN_UNGUARDED_AVAILABILITY = YES_AGGRESSIVE;
				CLANG_WARN_UNREACHABLE_CODE = YES;
				CLANG_WARN__DUPLICATE_METHOD_MATCH = YES;
				COPY_PHASE_STRIP = NO;
				DEBUG_INFORMATION_FORMAT = "dwarf-with-dsym";
				ENABLE_NS_ASSERTIONS = NO;
				ENABLE_STRICT_OBJC_MSGSEND = YES;
				GCC_C_LANGUAGE_STANDARD = gnu11;
				GCC_NO_COMMON_BLOCKS = YES;
				GCC_WARN_64_TO_32_BIT_CONVERSION = YES;
				GCC_WARN_ABOUT_RETURN_TYPE = YES_ERROR;
				GCC_WARN_UNDECLARED_SELECTOR = YES;
				GCC_WARN_UNINITIALIZED_AUTOS = YES_AGGRESSIVE;
				GCC_WARN_UNUSED_FUNCTION = YES;
				GCC_WARN_UNUSED_VARIABLE = YES;
				MACOSX_DEPLOYMENT_TARGET = 12.3;
				MTL_ENABLE_DEBUG_INFO = NO;
				MTL_FAST_MATH = YES;
				SDKROOT = macosx;
			};
			name = Release;
		};
		5D399F6A2A1409AA0038610E /* Debug */ = {
			isa = XCBuildConfiguration;
			buildSettings = {
				CODE_SIGN_STYLE = Automatic;
				PRODUCT_NAME = "$(TARGET_NAME)";
			};
			name = Debug;
		};
		5D399F6B2A1409AA0038610E /* Release */ = {
			isa = XCBuildConfiguration;
			buildSettings = {
				CODE_SIGN_STYLE = Automatic;
				PRODUCT_NAME = "$(TARGET_NAME)";
			};
			name = Release;
		};
/* End XCBuildConfiguration section */

/* Begin XCConfigurationList section */
		5D399F5D2A1409AA0038610E /* Build configuration list for PBXProject "Wk1_Stacks" */ = {
			isa = XCConfigurationList;
			buildConfigurations = (
				5D399F672A1409AA0038610E /* Debug */,
				5D399F682A1409AA0038610E /* Release */,
			);
			defaultConfigurationIsVisible = 0;
			defaultConfigurationName = Release;
		};
		5D399F692A1409AA0038610E /* Build configuration list for PBXNativeTarget "Wk1_Stacks" */ = {
			isa = XCConfigurationList;
			buildConfigurations = (
				5D399F6A2A1409AA0038610E /* Debug */,
				5D399F6B2A1409AA0038610E /* Release */,
			);
			defaultConfigurationIsVisible = 0;
			defaultConfigurationName = Release;
		};
/* End XCConfigurationList section */
	};
	rootObject = 5D399F5A2A1409AA0038610E /* Project object */;
}
